
Microsoft Visual Studio Solution File, Format Version 12.00
# Visual Studio Version 17
VisualStudioVersion = 17.1.32328.378
MinimumVisualStudioVersion = 10.0.40219.1
Project("{FAE04EC0-301F-11D3-BF4B-00C04F79EFBC}") = "TestTask", "TestTask\TestTask.csproj", "{B9A4A783-1236-486A-9498-CB1B3501BC05}"
EndProject
Global
	GlobalSection(SolutionConfigurationPlatforms) = preSolution
		Debug|Any CPU = Debug|Any CPU
		Release|Any CPU = Release|Any CPU
	EndGlobalSection
	GlobalSection(ProjectConfigurationPlatforms) = postSolution
		{B9A4A783-1236-486A-9498-CB1B3501BC05}.Debug|Any CPU.ActiveCfg = Debug|Any CPU
		{B9A4A783-1236-486A-9498-CB1B3501BC05}.Debug|Any CPU.Build.0 = Debug|Any CPU
		{B9A4A783-1236-486A-9498-CB1B3501BC05}.Release|Any CPU.ActiveCfg = Release|Any CPU
		{B9A4A783-1236-486A-9498-CB1B3501BC05}.Release|Any CPU.Build.0 = Release|Any CPU
	EndGlobalSection
	GlobalSection(SolutionProperties) = preSolution
		HideSolutionNode = FALSE
	EndGlobalSection
	GlobalSection(ExtensibilityGlobals) = postSolution
		SolutionGuid = {53896E7F-8ADC-4D29-85E7-F1BEF0AA26C8}
	EndGlobalSection
EndGlobal
